version = 1
revision = 3
requires-python = ">=3.11"

[[package]]
name = "complexipy"
version = "8.0.1"
source = { registry = "https://pypi.org/simple" }
sdist = { url = "https://files.pythonhosted.org/packages/eb/80/4b257f04a98dd74c7a40c39ae83a156f498d5a12dedea7f6609ef019d1c7/complexipy-8.0.1.tar.gz", hash = "sha256:1739c0781a50ae590eaa74d6362c505b8a6b3a5a87e1a3599f4790a84f6d3331", size = 106091, upload-time = "2026-09-07T02:29:01.455Z" }
wheels = [
    { url = "https://files.pythonhosted.org/packages/13/b9/5ce1d8090ae709001f5733dde896f868e6642ba263b5f7f890724d1974cb/complexipy-8.0.1-cp311-cp311-macosx_10_12_x86_64.whl", hash = "sha256:c907ea472b1ff4bddedec40fc7efcbe12d604b017296adfd9b55c68b850140fb", size = 3544080, upload-time = "2026-09-07T02:26:48.646Z" },
    { url = "https://files.pythonhosted.org/packages/b2/9f/0010999bb4202a27d54c5373d91194273e47672327f1abe5f8b9ae787809/complexipy-8.0.1-cp311-cp311-macosx_11_0_arm64.whl", hash = "sha256:f52c418d86f25a55523747df695048a9c70dac456dd47bcece77760b8e1d7fd8", size = 3468384, upload-time = "2026-09-07T02:26:50.126Z" },
    { url = "https://files.pythonhosted.org/packages/de/5b/3cf6c9879ab564bc68532c524a0e7dabab20b94e7e5cacf68a27c4678444/complexipy-8.0.1-cp311-cp311-manylinux_2_17_aarch64.manylinux2014_aarch64.whl", hash = "sha256:3f8e3d9373f2418d56d1fa641d3026124bab24cc697374321fe17dd09276bd28", size = 3765197, upload-time = "2026-09-07T02:26:51.4Z" },
    { url = "https://files.pythonhosted.org/packages/56/fe/5cbea6a296f201b6dacd2f0d55b45e3c2ed45ca4b8597689fb26793de0c7/complexipy-8.0.1-cp311-cp311-manylinux_2_17_armv7l.manylinux2014_armv7l.whl", hash = "sha256:461c1a13d8b6cb6fc50fd36597cacd145a8076ac35b6745abb21b9a4a29a031d", size = 3677576, upload-time = "2026-09-07T02:26:52.722Z" },
    { url = "https://files.pythonhosted.org/packages/d8/07/22e8b5534fdfcea7111505fee42c4162acf64a06f4fe52e75dcb6c8ebd41/complexipy-8.0.1-cp311-cp311-manylinux_2_17_i686.manylinux2014_i686.whl", hash = "sha256:bd957384681697a641d06667152c77034e803730230f541368a0a4d72f1e1d63", size = 4028532, upload-time = "2026-09-07T02:26:54.098Z" },
    { url = "https://files.pythonhosted.org/packages/cd/d5/7f7d85bd8de177b56b610f4f03caf6ff74a2978379e0f4c579713977d780/complexipy-8.0.1-cp311-cp311-manylinux_2_17_ppc64le.manylinux2014_ppc64le.whl", hash = "sha256:e83c74b1e5541c617b71027920b366b1728d132fa8183f4abcc49896525866b3", size = 4274489, upload-time = "2026-09-07T02:26:55.608Z" },
    { url = "https://files.pythonhosted.org/packages/3b/91/9b5bc11095e6ea3516ae1f1144a6bf25103be021b792e87c0abe615bd168/complexipy-8.0.1-cp311-cp311-manylinux_2_17_s390x.manylinux2014_s390x.whl", hash = "sha256:4b7d8e39584ace511b7992ca70b5c7f211dda7d05ea403fc76ace155682ef437", size = 3864298, upload-time = "2026-09-07T02:26:56.925Z" },
    { url = "https://files.pythonhosted.org/packages/b7/a4/2444faf87e8cf356f57a6922d27994dbf39fae0a4e9ef32fece322482403/complexipy-8.0.1-cp311-cp311-manylinux_2_17_x86_64.manylinux2014_x86_64.whl", hash = "sha256:91148ddc6dd8c966f76ee752cdde7a738c0ac44cdf5bdee61cd30f322f2be9ba", size = 3781392, upload-time = "2026-09-07T02:26:58.248Z" },
    { url = "https://files.pythonhosted.org/packages/13/4d/4e244fd8a9d07c351b20bc47c2f677a76a150346c56a95c27d93fdb426d6/complexipy-8.0.1-cp311-cp311-musllinux_1_2_aarch64.whl", hash = "sha256:64fb90f80c3cecc1e9b6885630cc1b875f11c9810f501ad7836f23c95bfca846", size = 3939059, upload-time = "2026-09-07T02:26:59.504Z" },
    { url = "https://files.pythonhosted.org/packages/a3/c9/7d703f11f41316607d48d177f3528057f3955b8c9a931d9139ef6febb058/complexipy-8.0.1-cp311-cp311-musllinux_1_2_x86_64.whl", hash = "sha256:acc89e063b47fbb9dc56afff757e45ecc0b927c37339c2ea908920bbf8af6bb3", size = 4071466, upload-time = "2026-09-07T02:27:01.021Z" },
    { url = "https://files.pythonhosted.org/packages/95/ff/1aab3071ff85b2a65250436fd53a7100b7ac910ba834daf0afa0defa672f/complexipy-8.0.1-cp311-cp311-win32.whl", hash = "sha256:68ef21175397dff67c39e832b84349c56642c02a146e237b37b39b4fa5b7270f", size = 3144209, upload-time = "2026-09-07T02:27:02.486Z" },
    { url = "https://files.pythonhosted.org/packages/e4/1b/90b9253ff230d6375b072c91421a2a66d74c0b11f5ab7542490000314544/complexipy-8.0.1-cp311-cp311-win_amd64.whl", hash = "sha256:5382a32ff1852df42db6dcd88638f52187a6ec34757c3e8490ae545e305b4c5b", size = 3362630, upload-time = "2026-09-07T02:27:03.635Z" },
    { url = "https://files.pythonhosted.org/packages/a1/f4/ab2176ae2fdff0c1ddc72403bceec496c024627f086034140cc644f7c3bb/complexipy-8.0.1-cp312-cp312-macosx_10_12_x86_64.whl", hash = "sha256:2cbbbf19cf30f39f448a7b02c6282bc04c51b34395471b63f021df9f52ee5717", size = 3542301, upload-time = "2026-09-07T02:27:05.319Z" },
    { url = "https://files.pythonhosted.org/packages/7b/8a/4203456eaf03df0841e58a32d0570c4249f44d66970eaacf344716b1de3c/complexipy-8.0.1-cp312-cp312-macosx_11_0_arm64.whl", hash = "sha256:fbc3459637960f6ca31fc322a6d4b07698056a8334dc35cbfec6406d4b74aa59", size = 3460161, upload-time = "2026-09-07T02:27:06.745Z" },
    { url = "https://files.pythonhosted.org/packages/29/ce/da6d07738a4c8e46a00f484ded83657cb075b6d7e609714e23733a2df340/complexipy-8.0.1-cp312-cp312-manylinux_2_17_aarch64.manylinux2014_aarch64.whl", hash = "sha256:ddb75b0694e0a8b34997c4ecd5e4936801ca1c1b6d1f18f71ba3148dcfd78152", size = 3760449, upload-time = "2026-09-07T02:27:08.149Z" },
    { url = "https://files.pythonhosted.org/packages/bd/29/11d9fe6f4e1800f0a4825390e77e4a5249e01c755e9a646aef4bb200ab17/complexipy-8.0.1-cp312-cp312-manylinux_2_17_armv7l.manylinux2014_armv7l.whl", hash = "sha256:a0af73d6be68ee7d28cc6b24c2db690007ec32b72b446a7979eaffd5c043a6a9", size = 3669265, upload-time = "2026-09-07T02:27:09.466Z" },
    { url = "https://files.pythonhosted.org/packages/48/99/04af6de3abadbaccc010eec23569bd2f825f8a2fc12cfa07ba88cae20e06/complexipy-8.0.1-cp312-cp312-manylinux_2_17_i686.manylinux2014_i686.whl", hash = "sha256:ee53158bcb54e28b0b6cab75bc15b11154c8709c2a1886021dd4a7fed15a4e55", size = 4023208, upload-time = "2026-09-07T02:27:10.656Z" },
    { url = "https://files.pythonhosted.org/packages/29/60/f49d80e2a662a8551ec36cd5b75b0ad73fa39dcd37686a18595564cdde35/complexipy-8.0.1-cp312-cp312-manylinux_2_17_ppc64le.manylinux2014_ppc64le.whl", hash = "sha256:8c36e1b97052146eb8a153761d75363d07f5d70a530f8dca0a3eb7874e387c2f", size = 4263573, upload-time = "2026-09-07T02:27:12.217Z" },
    { url = "https://files.pythonhosted.org/packages/e0/ce/1ccffc9e51e518e12f1ea5b644cc1c24f90d55bea2398dc1124e9da4fd04/complexipy-8.0.1-cp312-cp312-manylinux_2_17_s390x.manylinux2014_s390x.whl", hash = "sha256:57caa8d5990e9c44a67bfe516dc69b10593c06c242cc06262ee77ede1212a2ad", size = 3860031, upload-time = "2026-09-07T02:27:13.732Z" },
    { url = "https://files.pythonhosted.org/packages/29/34/a6e9811a4fd11c839af9efc39441e8482919603fe220884c809ec9bd2263/complexipy-8.0.1-cp312-cp312-manylinux_2_17_x86_64.manylinux2014_x86_64.whl", hash = "sha256:74ec44cb9989289af04ae73d2c9fe64e8f78b2ca2129cd17cae10f9196a35b01", size = 3777806, upload-time = "2026-09-07T02:27:15.213Z" },
    { url = "https://files.pythonhosted.org/packages/d5/f1/015962ea8b8b1eb065a362ebf95ce86654560d63135aff494c3babd9c9a8/complexipy-8.0.1-cp312-cp312-musllinux_1_2_aarch64.whl", hash = "sha256:60abf030e2266fdc2b14d39c50216ed4630f39377e9cbc52c674eb651c74a4e6", size = 3934256, upload-time = "2026-09-07T02:27:16.537Z" },
    { url = "https://files.pythonhosted.org/packages/78/be/066bd2c89ab3432a58a4d986d794edf528ed05e3da19f2eee3e7f2ff83e6/complexipy-8.0.1-cp312-cp312-musllinux_1_2_x86_64.whl", hash = "sha256:cff521c205e408a4e54f72f8764a95ac1c88b23528aef65f0d6fd7aa5d1054e8", size = 4068899, upload-time = "2026-09-07T02:27:17.785Z" },
    { url = "https://files.pythonhosted.org/packages/35/d0/4a6d61221fce1f3786ca95c5af219fb209485cc914e3216bbcfecc250ff4/complexipy-8.0.1-cp312-cp312-win32.whl", hash = "sha256:0a7cfb37b22d74984f6367d2f44a15f8d7b861c64bbb42b9950b857c81ae1231", size = 3141893, upload-time = "2026-09-07T02:27:19.539Z" },
    { url = "https://files.pythonhosted.org/packages/aa/fa/3c1de090597af553c5440ced966b6b9fe9e17fe2272e25b1b8369c74b0da/complexipy-8.0.1-cp312-cp312-win_amd64.whl", hash = "sha256:f4554f67546a37cd106039148bd33293b72a62f1251d438260eb62a4f23d0184", size = 3357977, upload-time = "2026-09-07T02:27:20.893Z" },
    { url = "https://files.pythonhosted.org/packages/91/09/84181353a987ea115912f00c509dd6558c951f15755b0d8d4e432953b59d/complexipy-8.0.1-cp313-cp313-macosx_10_12_x86_64.whl", hash = "sha256:78ee1ba8963cc694ea678cfe43542e5419fd5d2bf89c025ba4e0033bad388b4e", size = 3541656, upload-time = "2026-09-07T02:27:22.148Z" },
    { url = "https://files.pythonhosted.org/packages/92/c5/01944f21f821c2a0237c1d88932427beb7ed913ab9be9f0dabae112a692e/complexipy-8.0.1-cp313-cp313-macosx_11_0_arm64.whl", hash = "sha256:e2f12e833fbdc58c4a2d1b651252cd899c8534ab732bd3c142f8387565642b33", size = 3458762, upload-time = "2026-09-07T02:27:23.645Z" },
    { url = "https://files.pythonhosted.org/packages/b6/c3/656737c700e7e36b1a73d8a83f2bcea6445476d6f13be336b164a716ba23/complexipy-8.0.1-cp313-cp313-manylinux_2_17_aarch64.manylinux2014_aarch64.whl", hash = "sha256:bc2a8bd0b11c567924c563e884bffdd4d0181c06e2a2710c592296c09ac727b6", size = 3760587, upload-time = "2026-09-07T02:27:25.096Z" },
    { url = "https://files.pythonhosted.org/packages/68/9d/a8cb78a02980a4774a283f53f2feb5c914d66a2431c51d3cf72d1266fb57/complexipy-8.0.1-cp313-cp313-manylinux_2_17_armv7l.manylinux2014_armv7l.whl", hash = "sha256:d117f0e255a540e0033cce065f78d77e7e49042e07934b3244e0afd6e314a6ce", size = 3669726, upload-time = "2026-09-07T02:27:26.356Z" },
    { url = "https://files.pythonhosted.org/packages/10/0e/f48a6f8c59852618f217b84c59fe2be17e0339f14b74544d66497a76db61/complexipy-8.0.1-cp313-cp313-manylinux_2_17_i686.manylinux2014_i686.whl", hash = "sha256:63e5f1042f5f01f0333dc4b6a7075fae5818c1fcdcff7f16507024ba780dd594", size = 4020258, upload-time = "2026-09-07T02:27:27.871Z" },
    { url = "https://files.pythonhosted.org/packages/ea/d6/a88977e6f0d9d6f1ae258a6dbcfc3ba82a3aa7d24308dfdb9264e9debbf3/complexipy-8.0.1-cp313-cp313-manylinux_2_17_ppc64le.manylinux2014_ppc64le.whl", hash = "sha256:0671bc6f9e4b0570f84d00e3a946cd5c20e8e363c8559948fa7bb6abfa764f7e", size = 4265975, upload-time = "2026-09-07T02:27:29.182Z" },
    { url = "https://files.pythonhosted.org/packages/8e/09/14062c03942ab9d1d3bcc0d2a004df82075f8dc1eb0586e104a30bccae06/complexipy-8.0.1-cp313-cp313-manylinux_2_17_s390x.manylinux2014_s390x.whl", hash = "sha256:4ec7f01971b6fe12fadc6f2521bd589778fe6b39d5d94521826b0702c45f5183", size = 3860775, upload-time = "2026-09-07T02:27:30.604Z" },
    { url = "https://files.pythonhosted.org/packages/46/7b/299e994137e373c95d0bf83b6f7448617d2b9c6fa97f09a629872922e4e1/complexipy-8.0.1-cp313-cp313-manylinux_2_17_x86_64.manylinux2014_x86_64.whl", hash = "sha256:15c15ecb3975586cdacc34f22e79fdc76c5abbaa584a5ce1463253c0ae268429", size = 3777720, upload-time = "2026-09-07T02:27:32.384Z" },
    { url = "https://files.pythonhosted.org/packages/e8/65/bee744993587654c475c45a8764e5fe0dd6971a73ee3b5a2dcc9fb5f4234/complexipy-8.0.1-cp313-cp313-musllinux_1_2_aarch64.whl", hash = "sha256:d42268139220b1001d69f9e23a107c34c3123c68903f1a1c04a3210a327c4f18", size = 3935194, upload-time = "2026-09-07T02:27:33.749Z" },
    { url = "https://files.pythonhosted.org/packages/61/b0/10bc694fb55701fde9a9ab1d01b626985caceb13eb3dc644c04e05fda34c/complexipy-8.0.1-cp313-cp313-musllinux_1_2_x86_64.whl", hash = "sha256:c2a40e9a16b74811fa1aa36ced1ee06dfc9ae266b2864a4838f5d260001bbb35", size = 4068518, upload-time = "2026-09-07T02:27:35.327Z" },
    { url = "https://files.pythonhosted.org/packages/a2/3b/27aa8236795ae96c8a3a8cff58091ced45f2b349969d76226160d097af39/complexipy-8.0.1-cp313-cp313-win32.whl", hash = "sha256:2e04ff05e0cc351e5713632de8c73ea6e388349b1ae7c194b103e4c21e36013a", size = 3142527, upload-time = "2026-09-07T02:27:36.803Z" },
    { url = "https://files.pythonhosted.org/packages/02/de/0c1357282f8bcbd91d8b2e61151525e8d58f385c82f4bdbb3083ece8460b/complexipy-8.0.1-cp313-cp313-win_amd64.whl", hash = "sha256:36e523eb978a5d1e709157de6e774835f3fc5a356426fba359176ba62ae43c24", size = 3358073, upload-time = "2026-09-07T02:27:38.309Z" },
    { url = "https://files.pythonhosted.org/packages/7c/37/7fbe7f421f317fab067f625c78eec621897b98fa8fbf94df0a0bc97ce34d/complexipy-8.0.1-cp314-cp314-macosx_10_12_x86_64.whl", hash = "sha256:272d577cd63d78e79e65831a24abfcfbf0fde3e8d5117166a431ced8d46cf74d", size = 3544180, upload-time = "2026-09-07T02:27:39.592Z" },
    { url = "https://files.pythonhosted.org/packages/88/1c/1c2ae1b4984e9c0c51bd0eb7c1434abf77c6e5b77c023bbf41bc6546da31/complexipy-8.0.1-cp314-cp314-macosx_11_0_arm64.whl", hash = "sha256:4c7768b49df0d9c182783d2f6291139fa152ed7b12f4ad6dc6e2c04ed6e278d8", size = 3463407, upload-time = "2026-09-07T02:27:41.125Z" },
    { url = "https://files.pythonhosted.org/packages/3e/27/dac5e35ca9a898d93166115bc0d02688e75ef3d95994584ca50f67f228e6/complexipy-8.0.1-cp314-cp314-manylinux_2_17_aarch64.manylinux2014_aarch64.whl", hash = "sha256:129d67f05e68c3ff8a0c91ff5b3e3de2613e353917062a32c4af4c801db85c22", size = 3761593, upload-time = "2026-09-07T02:27:42.436Z" },
    { url = "https://files.pythonhosted.org/packages/dd/78/96dd713fb3ad1fc82c62cc3c07d86a70f7cca71310413f05b0d79722cf8c/complexipy-8.0.1-cp314-cp314-manylinux_2_17_armv7l.manylinux2014_armv7l.whl", hash = "sha256:da098d19417eb5a0187ad578f21ec72470ed0cb42e04981aaf5e30f9f6947c2f", size = 3673020, upload-time = "2026-09-07T02:27:43.74Z" },
    { url = "https://files.pythonhosted.org/packages/72/1c/acaa17d3bd82a9d1419bae5b8465b2ea1faccb014203b4faf8d421fd6338/complexipy-8.0.1-cp314-cp314-manylinux_2_17_i686.manylinux2014_i686.whl", hash = "sha256:d2845f6b009c45a8605b04eb9cf953a9deea2f8108befd0157ca328fdbeb1bfa", size = 4022134, upload-time = "2026-09-07T02:27:45.112Z" },
    { url = "https://files.pythonhosted.org/packages/1f/d4/005c6b4295ab76e4653f96cd34328a92887f8dfbb1e1f26e2652fb7fe7fb/complexipy-8.0.1-cp314-cp314-manylinux_2_17_ppc64le.manylinux2014_ppc64le.whl", hash = "sha256:341a245462ae12437b9ccfc38c84cc6614a13ed66f240b17e0361e3e5e3136c9", size = 4266776, upload-time = "2026-09-07T02:27:46.618Z" },
    { url = "https://files.pythonhosted.org/packages/00/02/38565a24bac55336a068d3e35ce627b38a265f90e4a927b502682037c431/complexipy-8.0.1-cp314-cp314-manylinux_2_17_s390x.manylinux2014_s390x.whl", hash = "sha256:41a1eb51401c58292aebc5f882eda005c60c515e7ed0fb54bf52450b300fca08", size = 3860517, upload-time = "2026-09-07T02:27:48.022Z" },
    { url = "https://files.pythonhosted.org/packages/0d/fb/03e028bbcfe318d6ffa9bf9e62db6ae1d2cac020bf62c0ba4e90bdf5b454/complexipy-8.0.1-cp314-cp314-manylinux_2_17_x86_64.manylinux2014_x86_64.whl", hash = "sha256:4d8f4cc1c7851815b7c0e62e64998230e9683e85801005cdc24ed804bd3e0669", size = 3778659, upload-time = "2026-09-07T02:27:49.587Z" },
    { url = "https://files.pythonhosted.org/packages/06/74/d336ae3cb2a7158a5614bcf36502c8891fa09f4ab26fcf0dac4396877c8d/complexipy-8.0.1-cp314-cp314-musllinux_1_2_aarch64.whl", hash = "sha256:54299c8c4cb30543406fd1d71c2be7931a138a0ea2e6c9c6cb6174a718415752", size = 3935493, upload-time = "2026-09-07T02:27:51.014Z" },
    { url = "https://files.pythonhosted.org/packages/76/43/3e131de306672acb51d55a00ad3b998e661145f37c8fec5c5e21101b5610/complexipy-8.0.1-cp314-cp314-musllinux_1_2_x86_64.whl", hash = "sha256:164573531756f23a7b18483f382583a7a0ed7846f768c24ea58d0676edc5c0a0", size = 4068631, upload-time = "2026-09-07T02:27:52.337Z" },
    { url = "https://files.pythonhosted.org/packages/db/09/cbed0adbea910264573521c4ae89105e1e274528c136ee23191fc148c2c2/complexipy-8.0.1-cp314-cp314-win32.whl", hash = "sha256:186194bd2222de285cbc50db31d8d656e3e695f1082371287f22de8fb62f8834", size = 3142992, upload-time = "2026-09-07T02:27:53.829Z" },
    { url = "https://files.pythonhosted.org/packages/16/5a/3f7384cae0304427805a9803ee6484c0789ddaf99edadad477b4649f18c8/complexipy-8.0.1-cp314-cp314-win_amd64.whl", hash = "sha256:438944ee6f25eac4f343175fe6c0386b7c978bf040b52aa2f0ad098bf1606092", size = 3358884, upload-time = "2026-09-07T02:27:55.262Z" },
    { url = "https://files.pythonhosted.org/packages/01/8b/d9cdf0fc8620b2b4b14184eca5e4d509ec271fb020921c71924fba515889/complexipy-8.0.1-cp314-cp314t-manylinux_2_17_aarch64.manylinux2014_aarch64.whl", hash = "sha256:c34bbe2a0600e539bcde5d7f7df42d61f57a0b390d62c2c7b360d05b4423a56a", size = 3760134, upload-time = "2026-09-07T02:27:56.57Z" },
    { url = "https://files.pythonhosted.org/packages/12/07/5f200127cd9824ab98438262e71eabde5b4a76cce78039eaa6bd334ec5f9/complexipy-8.0.1-cp314-cp314t-manylinux_2_17_armv7l.manylinux2014_armv7l.whl", hash = "sha256:4dd9fd018860ab94da600d05bcb8853b76883be1d06b062c51bb6fd3bdb5697b", size = 3670662, upload-time = "2026-09-07T02:27:58.397Z" },
    { url = "https://files.pythonhosted.org/packages/b8/03/4770786add33b063991fc61c4c1cfdf586d74aef4b110d4f95098d720334/complexipy-8.0.1-cp314-cp314t-manylinux_2_17_i686.manylinux2014_i686.whl", hash = "sha256:253a050ac6e5d11f82bc3cd43e2b90dc12ff8e5c6cfe71182fed1539ef0021a2", size = 4019056, upload-time = "2026-09-07T02:27:59.86Z" },
    { url = "https://files.pythonhosted.org/packages/ba/53/9238527697a9180268ba92c168d6335c6a55db35dd5ef73a600c255214e4/complexipy-8.0.1-cp314-cp314t-manylinux_2_17_ppc64le.manylinux2014_ppc64le.whl", hash = "sha256:cbabfdc1a695b52181b6f81684f5e235cf33775782698e7c0af685fc3f3334f2", size = 4267547, upload-time = "2026-09-07T02:28:01.14Z" },
    { url = "https://files.pythonhosted.org/packages/4b/a6/ca3629219c390c7a746df87182631519c6ab8edca068e12bd6ce4a06b7a3/complexipy-8.0.1-cp314-cp314t-manylinux_2_17_s390x.manylinux2014_s390x.whl", hash = "sha256:a41c2e46b91679f48749e8540ef94aa678f3888dcde1ebe13f04f79971dfff86", size = 3856857, upload-time = "2026-09-07T02:28:02.498Z" },
    { url = "https://files.pythonhosted.org/packages/11/04/112eb689e054f81289aff7694d25de5b5e38264e57aa81c1a9520ebaeac1/complexipy-8.0.1-cp314-cp314t-manylinux_2_17_x86_64.manylinux2014_x86_64.whl", hash = "sha256:0d4e44305283507dddc5f70d549a1739a5c7bd66c61641759279afa3eb550356", size = 3779706, upload-time = "2026-09-07T02:28:04.066Z" },
    { url = "https://files.pythonhosted.org/packages/e1/4d/0c776560fdeb37aa2e454f79b66d49bac283661677e2e311bb664bfb5d86/complexipy-8.0.1-cp314-cp314t-musllinux_1_2_aarch64.whl", hash = "sha256:91e534311df19e112527bfb43bf5a04c7f215bcf34fd2147dd7b007672b92d32", size = 3935858, upload-time = "2026-09-07T02:28:05.709Z" },
    { url = "https://files.pythonhosted.org/packages/fc/3c/301e7e172bcc7475ca7b7e537a6d9b4eec0f1963d356d35b9cbbe1232b37/complexipy-8.0.1-cp314-cp314t-musllinux_1_2_x86_64.whl", hash = "sha256:ba618bc81a5992556264a28d7a7646130ce3aa88f5f4ba4b99c68c01fa3b124c", size = 4068941, upload-time = "2026-09-07T02:28:07.11Z" },
    { url = "https://files.pythonhosted.org/packages/60/18/7925b7c1c57727a775aaa5c53d114b0b999afe3cfdd2672f0c6c7906f580/complexipy-8.0.1-cp315-cp315-manylinux_2_17_i686.manylinux2014_i686.whl", hash = "sha256:fad5aa4e63cbefb8c6de40cd02fbf7eeef39b8ccc07766bc66da4064ca119d3c", size = 4023365, upload-time = "2026-09-07T02:28:08.534Z" },
    { url = "https://files.pythonhosted.org/packages/52/a2/e6f7a5442d6571adc8adeff946b91ab92d605e1face7e7cbbb5015e18101/complexipy-8.0.1-cp315-cp315-manylinux_2_17_x86_64.manylinux2014_x86_64.whl", hash = "sha256:e2cef6e40764553b7daa192068e9fd24311046c0f6758f11e462717c4de6a572", size = 3778554, upload-time = "2026-09-07T02:28:09.874Z" },
    { url = "https://files.pythonhosted.org/packages/ac/57/1bed68de8b8451d03ad87cdeb6c40a2db41124409bbfdb728e98090df69c/complexipy-8.0.1-cp315-cp315t-manylinux_2_17_i686.manylinux2014_i686.whl", hash = "sha256:e3521f282c554fbd3a24aec6dad4ba80044e935b4e42417db6c4cf96615ff9f0", size = 4019065, upload-time = "2026-09-07T02:28:11.21Z" },
    { url = "https://files.pythonhosted.org/packages/c5/01/6f24448bd5ad4f8f094deaacb365a01a5270d0703c40f651060d450de662/complexipy-8.0.1-cp315-cp315t-manylinux_2_17_x86_64.manylinux2014_x86_64.whl", hash = "sha256:3ae988ed8f8a4ab2d410ef7fad74b87cb21a60c8fd73c25e8be7536fccc66405", size = 3779893, upload-time = "2026-09-07T02:28:12.761Z" },
    { url = "https://files.pythonhosted.org/packages/7e/0a/cfe01470e35180a7cfdb72a8028ef492794172f813549e313e04669f9c0f/complexipy-8.0.1-pp311-pypy311_pp73-manylinux_2_17_aarch64.manylinux2014_aarch64.whl", hash = "sha256:ba7804c3529bfbb84db05bdee64796110005674685a2241e3d9153b49bdc1d42", size = 3765575, upload-time = "2026-09-07T02:28:48.692Z" },
    { url = "https://files.pythonhosted.org/packages/9e/f3/ef61ac7f38fc8f017649e00979834220ab5bfa374f6a4c7474b3e1f9c4fb/complexipy-8.0.1-pp311-pypy311_pp73-manylinux_2_17_armv7l.manylinux2014_armv7l.whl", hash = "sha256:a65d65599cbd3b8ef42edb17729ebf9465d95fc2d1bf7e64ea6ac108ac750130", size = 3677771, upload-time = "2026-09-07T02:28:50.305Z" },
    { url = "https://files.pythonhosted.org/packages/40/65/366a6a29b147c8b5bf6660fd6e69babd9feb29fb45e8d906677b6e3c35a4/complexipy-8.0.1-pp311-pypy311_pp73-manylinux_2_17_i686.manylinux2014_i686.whl", hash = "sha256:8078ad71b18d6d116cf9413a8fbfc66cf3c20fbfcce9866b498d26ac0c7a5d24", size = 4028286, upload-time = "2026-09-07T02:28:51.792Z" },
    { url = "https://files.pythonhosted.org/packages/a1/d1/637734f4726143247ffff47b5f852e3dd37958a4b0dba0de7e1eb36e3d35/complexipy-8.0.1-pp311-pypy311_pp73-manylinux_2_17_ppc64le.manylinux2014_ppc64le.whl", hash = "sha256:63abd98874104b7c999f38b890dc2919d8eadf13fc609bd61e6da7ce52002130", size = 4272890, upload-time = "2026-09-07T02:28:53.395Z" },
    { url = "https://files.pythonhosted.org/packages/81/54/e011a76591227a4579ad5a76610d776b1be8d304a5f9affb1d6cda51e39b/complexipy-8.0.1-pp311-pypy311_pp73-manylinux_2_17_s390x.manylinux2014_s390x.whl", hash = "sha256:cfbd63d1bcc0bba6e9e300d929a2fc530643bd83d3d2451e9518793d69712014", size = 3865468, upload-time = "2026-09-07T02:28:54.973Z" },
    { url = "https://files.pythonhosted.org/packages/fc/88/74f98e217da9bb3f483e7a256c029fd0d02d35635286686a87a80701457e/complexipy-8.0.1-pp311-pypy311_pp73-manylinux_2_17_x86_64.manylinux2014_x86_64.whl", hash = "sha256:cb40dde1f66a4e31e5b0f9c2f6385fd810f96b80bd7294c5317c75b4eccf0113", size = 3783169, upload-time = "2026-09-07T02:28:56.791Z" },
    { url = "https://files.pythonhosted.org/packages/5d/d7/dfaba1ec77d13c964a66b31a2c29868c4c8d4bcf41b676c7fffd75cad982/complexipy-8.0.1-pp311-pypy311_pp73-musllinux_1_2_aarch64.whl", hash = "sha256:9bcadbdf05c299fe6b8d7359b29b72be27bd1724d2f7636347358f6e0b153c10", size = 3939651, upload-time = "2026-09-07T02:28:58.576Z" },
    { url = "https://files.pythonhosted.org/packages/12/67/3cd9a85f47c8d80de9573a49ace60a67feac633df5a7a84c7ff966767169/complexipy-8.0.1-pp311-pypy311_pp73-musllinux_1_2_x86_64.whl", hash = "sha256:1360d05b1a3e8bebebf417821a6562e1cbb42239282c9ab4e43086a97b8c9dd1", size = 4072261, upload-time = "2026-09-07T02:29:00.051Z" },
]

[[package]]
name = "quickshell-checks"
version = "0.0.0"
source = { virtual = "." }

[package.dev-dependencies]
dev = [
    { name = "complexipy" },
    { name = "ruff" },
]

[package.metadata]

[package.metadata.requires-dev]
dev = [
    { name = "complexipy", specifier = ">=8.0.1" },
    { name = "ruff", specifier = ">=0.16.7" },
]

[[package]]
name = "ruff"
version = "0.16.7"
source = { registry = "https://pypi.org/simple" }
sdist = { url = "https://files.pythonhosted.org/packages/82/bb/5a449b9162e49b139d72f61672bd3ac1d790221f796d3304e2241fff4c58/ruff-0.16.7.tar.gz", hash = "sha256:5f71d004ac1263b22fa39462ac5ae618a4b77d58981af2cc79bf79a29c12b1a6", size = 4924184, upload-time = "2026-09-10T18:04:06.336Z" }
wheels = [
    { url = "https://files.pythonhosted.org/packages/e3/b2/c80aeeb7f9e469c0d63a85d2f1ab6e1ebfbe10ea7a8d2438b7e09e3ff09e/ruff-0.16.7-py3-none-linux_armv6l.whl", hash = "sha256:727307773e7c7f9181d3ed3a2484186e56c1fa1874255911c74585eb2c7c19f9", size = 10048917, upload-time = "2026-09-10T18:03:30.28Z" },
    { url = "https://files.pythonhosted.org/packages/7b/96/20bb7bcae008004df52afcb7ac83432d4a467f2c17b672fe46d26be231c5/ruff-0.16.7-py3-none-macosx_10_12_x86_64.whl", hash = "sha256:9d61c258deabf58f34c67bd4bb4d939c7f2e6b5f0e59c1cdd1cf771b11cde929", size = 10242929, upload-time = "2026-09-10T18:03:32.706Z" },
    { url = "https://files.pythonhosted.org/packages/90/b2/f184b0d5abec02db69cfd7e49b688ae0237554528ca777136c613bf36bee/ruff-0.16.7-py3-none-macosx_11_0_arm64.whl", hash = "sha256:7ab81118df8945e0193d0240712aa4496573595b75185c3636ed825592a0f728", size = 9847245, upload-time = "2026-09-10T18:03:34.509Z" },
    { url = "https://files.pythonhosted.org/packages/eb/2d/db1633a641866ed801e34cc6b60ef236c5e16f9b2124ab1d49cc24a5fe4f/ruff-0.16.7-py3-none-manylinux_2_17_aarch64.manylinux2014_aarch64.whl", hash = "sha256:4c196c968874fc8019da8e7163de7a1a370f111e2309b4b7dfea0fce950198d0", size = 9961780, upload-time = "2026-09-10T18:03:36.618Z" },
    { url = "https://files.pythonhosted.org/packages/4d/98/edea21e1a3e38dbbc3bf6bb068b863b3b06184cf8533a4c7dbbe208a89d5/ruff-0.16.7-py3-none-manylinux_2_17_armv7l.manylinux2014_armv7l.whl", hash = "sha256:ac8c3bd0a7e10ad31e6ce51e7a99f3cb772e69aecdd6b9ea7e99b362f62a62c0", size = 9866337, upload-time = "2026-09-10T18:03:38.805Z" },
    { url = "https://files.pythonhosted.org/packages/0b/11/a15e60d4c87b214646f116ca9d204475bf993ee1047459bc9a360fd4d6d1/ruff-0.16.7-py3-none-manylinux_2_17_i686.manylinux2014_i686.whl", hash = "sha256:398d3988edde000b5c75dc1b3f584708da9bc990de069c18909142580fec1af9", size = 10562512, upload-time = "2026-09-10T18:03:40.71Z" },
    { url = "https://files.pythonhosted.org/packages/29/42/eaff4c9b6d0c7cdf56df313a17e89ae854f5bbc0b0c8f9cce19be0ab7a8f/ruff-0.16.7-py3-none-manylinux_2_17_ppc64le.manylinux2014_ppc64le.whl", hash = "sha256:ce05b62b770a8217c4646a9c4139fca00efe8fe5d71f87df2b243ff20d4584d1", size = 11302938, upload-time = "2026-09-10T18:03:42.607Z" },
    { url = "https://files.pythonhosted.org/packages/5d/43/c75aa59a4ec181fe2ec06cab30e198c1c6d107229a9f008ae3a7c16cabd8/ruff-0.16.7-py3-none-manylinux_2_17_s390x.manylinux2014_s390x.whl", hash = "sha256:af1b576fddb9d9ef2ececfb5fadcd6a624b25070ed85e3cfcfe449fc3ff6a7b9", size = 10840857, upload-time = "2026-09-10T18:03:44.604Z" },
    { url = "https://files.pythonhosted.org/packages/21/33/81f3da371942ea031105ba679d8d6e28ec1660ccd690a45f42d381161356/ruff-0.16.7-py3-none-manylinux_2_17_x86_64.manylinux2014_x86_64.whl", hash = "sha256:9ce7f8f22df67c93ed96c717f9128eadb797144ac2bad475cf536f31d6100c55", size = 10370001, upload-time = "2026-09-10T18:03:46.706Z" },
    { url = "https://files.pythonhosted.org/packages/fa/0b/6345fb4dbf6dd0ed1cfe5d18391dc9c3f59cc81622a7b0a65b84b3e730ba/ruff-0.16.7-py3-none-manylinux_2_31_riscv64.whl", hash = "sha256:06d0e93d04f392996435ebd600c153f65b47d73fbec2415aa99c5ee5756b3a5f", size = 10548735, upload-time = "2026-09-10T18:03:48.658Z" },
    { url = "https://files.pythonhosted.org/packages/3f/4d/c5576adf511f92a328e5569dda190ecdd430da51f1a649f3a4a2fd73e21e/ruff-0.16.7-py3-none-musllinux_1_2_aarch64.whl", hash = "sha256:142151a5e7b93c1b11111337142f89dd2fbfee92161225c99a97222f22e32656", size = 10108496, upload-time = "2026-09-10T18:03:50.563Z" },
    { url = "https://files.pythonhosted.org/packages/ff/8c/667d83c16199a17a56adc6b0bd4c3beb5b767a2babcd16a56f76f9be7fd6/ruff-0.16.7-py3-none-musllinux_1_2_armv7l.whl", hash = "sha256:e6651f97a342d8b35d54d8991544ca22169b86dc54111cb604666940c431b750", size = 9860136, upload-time = "2026-09-10T18:03:52.621Z" },
    { url = "https://files.pythonhosted.org/packages/99/75/78d401106731999a1dd20cc5a6961e37e1eb9397a3b589f73f3a5ce146a3/ruff-0.16.7-py3-none-musllinux_1_2_i686.whl", hash = "sha256:ef140c6eb935fa9a84c9c607dfb2cb1b85843c192e79265b0c54f35f557ea8e5", size = 10286290, upload-time = "2026-09-10T18:03:55.207Z" },
    { url = "https://files.pythonhosted.org/packages/68/49/56f9c3a8b755df93a0ad318b2147bf4ef5dae9a7e5ec61c460109c67957f/ruff-0.16.7-py3-none-musllinux_1_2_x86_64.whl", hash = "sha256:53e39506a730fadeee0d998ed5946f30671f0db240c6c7c73bdabbe33604bb6f", size = 10745048, upload-time = "2026-09-10T18:03:57.299Z" },
    { url = "https://files.pythonhosted.org/packages/5f/ea/7f9b938a63ece4bec677ad7f9f7fa02df3383db1949ed93a382441c09a87/ruff-0.16.7-py3-none-win32.whl", hash = "sha256:2ea3470fcebcbc5df2fb0c6f3b90333fa9084c534e0111c038fa4a6ab9f1c4b7", size = 10059082, upload-time = "2026-09-10T18:03:59.632Z" },
    { url = "https://files.pythonhosted.org/packages/39/11/480a6973a927aa653e1cead6a6416008640e03a99d05b34c0434b8c6c366/ruff-0.16.7-py3-none-win_amd64.whl", hash = "sha256:7ac26aca826e9e21d0f1cb25b54ac660760a9fdd094d3e4df9848232be98cfc6", size = 10593368, upload-time = "2026-09-10T18:04:01.999Z" },
    { url = "https://files.pythonhosted.org/packages/8b/4b/51327018d056f0dad2c2238f26d1fb0f53707a9d91b75dea6d1b3039f136/ruff-0.16.7-py3-none-win_arm64.whl", hash = "sha256:aab7f39e2c9df6c596216070f98eef1207b94f8516cca20c808826974971855b", size = 10412401, upload-time = "2026-09-10T18:04:04.098Z" },
]
