# This file was autogenerated by Stack.
# You should not edit this file by hand.
# For more information, please see the documentation at:
#   https://docs.haskellstack.org/en/stable/lock_files

packages:
- completed:
    hackage: xmonad-0.18.0@sha256:22300a2626ba5b00dcf0e5071d56ccb42140fb849ee6ea7bf1337ed07de33642,5453
    pantry-tree:
      sha256: 475b273803119d4b6f3f0ad496d93092ad53bb7b2306182603531093899b26d1
      size: 2486
  original:
    hackage: xmonad-0.18.0
- completed:
    hackage: xmonad-contrib-0.18.0@sha256:aae129651391ec65e4c7cf4c23b280cc5e69f709d86668502426a41eebab9d3c,22370
    pantry-tree:
      sha256: d2987f3843f1c5ca11bf63d22630679a34b7578f432a96f0dec97b98c4984e72
      size: 23806
  original:
    hackage: xmonad-contrib-0.18.0
- completed:
    hackage: dbus-1.3.2@sha256:1f5f483815bca34fd4087ae6cf479ecfaeccf9ea3cb1b639d46250968103b05e,4595
    pantry-tree:
      sha256: bc3efc4f4986bb1a5ed3957d651c5c693843e0915fad3517c5935b5dc282e295
      size: 2797
  original:
    hackage: dbus-1.3.2
snapshots:
- completed:
    sha256: 5b002d57c51092aa58a8696ccf0993e74fa6ed2efd48e2bbca349e9c2f67c5ef
    size: 713334
    url: https://raw.githubusercontent.com/commercialhaskell/stackage-snapshots/master/lts/22/15.yaml
  original:
    url: https://raw.githubusercontent.com/commercialhaskell/stackage-snapshots/master/lts/22/15.yaml
